<?xml version="1.0" encoding="utf-8"?>
<Project ToolsVersion="4.0" xmlns="http://schemas.microsoft.com/developer/msbuild/2003">
  <ItemGroup>
    <Filter Include="Source Files">
      <UniqueIdentifier>{4FC737F1-C7A5-4376-A066-2A32D752A2FF}</UniqueIdentifier>
      <Extensions>cpp;c;cc;cxx;def;odl;idl;hpj;bat;asm;asmx</Extensions>
    </Filter>
    <Filter Include="Header Files">
      <UniqueIdentifier>{93995380-89BD-4b04-88EB-625FBE52EBFB}</UniqueIdentifier>
      <Extensions>h;hpp;hxx;hm;inl;inc;xsd</Extensions>
    </Filter>
    <Filter Include="Resource Files">
      <UniqueIdentifier>{67DA6AB6-F800-4c08-8B7A-83BB121AAD01}</UniqueIdentifier>
      <Extensions>rc;ico;cur;bmp;dlg;rc2;rct;bin;rgs;gif;jpg;jpeg;jpe;resx;tiff;tif;png;wav;mfcribbon-ms</Extensions>
    </Filter>
  </ItemGroup>
  <ItemGroup>
    <ClInclude Include="..\core\atom.h">
      <Filter>Header Files</Filter>
    </ClInclude>
    <ClInclude Include="..\core\Color3.h">
      <Filter>Header Files</Filter>
    </ClInclude>
    <ClInclude Include="..\core\Color4.h">
      <Filter>Header Files</Filter>
    </ClInclude>
    <ClInclude Include="..\core\GL-win32.h">
      <Filter>Header Files</Filter>
    </ClInclude>
    <ClInclude Include="..\core\Mathf.h">
      <Filter>Header Files</Filter>
    </ClInclude>
    <ClInclude Include="..\core\PlatformConfig.h">
      <Filter>Header Files</Filter>
    </ClInclude>
    <ClInclude Include="..\core\PlatformDefine.h">
      <Filter>Header Files</Filter>
    </ClInclude>
    <ClInclude Include="..\core\PlatformDefine-win32.h">
      <Filter>Header Files</Filter>
    </ClInclude>
    <ClInclude Include="..\core\PlatformGL.h">
      <Filter>Header Files</Filter>
    </ClInclude>
    <ClInclude Include="..\core\PlatformMacros.h">
      <Filter>Header Files</Filter>
    </ClInclude>
    <ClInclude Include="..\core\Time.h">
      <Filter>Header Files</Filter>
    </ClInclude>
    <ClInclude Include="..\core\Transform.h">
      <Filter>Header Files</Filter>
    </ClInclude>
    <ClInclude Include="..\core\Vector3f.h">
      <Filter>Header Files</Filter>
    </ClInclude>
    <ClInclude Include="..\core\StdC.h">
      <Filter>Header Files</Filter>
    </ClInclude>
    <ClInclude Include="..\core\StdC-win32.h">
      <Filter>Header Files</Filter>
    </ClInclude>
    <ClInclude Include="..\core\Sound.h">
      <Filter>Header Files</Filter>
    </ClInclude>
    <ClInclude Include="..\core\Text.h">
      <Filter>Header Files</Filter>
    </ClInclude>
    <ClInclude Include="..\core\Physics.h">
      <Filter>Header Files</Filter>
    </ClInclude>
    <ClInclude Include="..\core\Raycast.h">
      <Filter>Header Files</Filter>
    </ClInclude>
    <ClInclude Include="..\core\Light.h">
      <Filter>Header Files</Filter>
    </ClInclude>
    <ClInclude Include="..\core\Particle.h">
      <Filter>Header Files</Filter>
    </ClInclude>
    <ClInclude Include="..\core\Camera.h">
      <Filter>Header Files</Filter>
    </ClInclude>
    <ClInclude Include="..\core\Collision.h">
      <Filter>Header Files</Filter>
    </ClInclude>
    <ClInclude Include="..\core\GameObject.h">
      <Filter>Header Files</Filter>
    </ClInclude>
    <ClInclude Include="..\core\Input.h">
      <Filter>Header Files</Filter>
    </ClInclude>
    <ClInclude Include="..\core\PlatformDefine-linux.h">
      <Filter>Header Files</Filter>
    </ClInclude>
    <ClInclude Include="..\core\GL-linux.h">
      <Filter>Header Files</Filter>
    </ClInclude>
    <ClInclude Include="..\core\StdC-linux.h">
      <Filter>Header Files</Filter>
    </ClInclude>
  </ItemGroup>
  <ItemGroup>
    <ClCompile Include="..\core\atom.cpp">
      <Filter>Source Files</Filter>
    </ClCompile>
    <ClCompile Include="..\core\Color3.cpp">
      <Filter>Source Files</Filter>
    </ClCompile>
    <ClCompile Include="..\core\Color4.cpp">
      <Filter>Source Files</Filter>
    </ClCompile>
    <ClCompile Include="..\core\Mathf.cpp">
      <Filter>Source Files</Filter>
    </ClCompile>
    <ClCompile Include="..\core\Time.cpp">
      <Filter>Source Files</Filter>
    </ClCompile>
    <ClCompile Include="..\core\Transform.cpp">
      <Filter>Source Files</Filter>
    </ClCompile>
    <ClCompile Include="..\core\Vector3f.cpp">
      <Filter>Source Files</Filter>
    </ClCompile>
    <ClCompile Include="..\core\Sound.cpp">
      <Filter>Source Files</Filter>
    </ClCompile>
    <ClCompile Include="..\core\Text.cpp">
      <Filter>Source Files</Filter>
    </ClCompile>
    <ClCompile Include="..\core\Physics.cpp">
      <Filter>Source Files</Filter>
    </ClCompile>
    <ClCompile Include="..\core\Raycast.cpp">
      <Filter>Source Files</Filter>
    </ClCompile>
    <ClCompile Include="..\core\Light.cpp">
      <Filter>Source Files</Filter>
    </ClCompile>
    <ClCompile Include="..\core\Particle.cpp">
      <Filter>Source Files</Filter>
    </ClCompile>
    <ClCompile Include="..\core\Camera.cpp">
      <Filter>Source Files</Filter>
    </ClCompile>
    <ClCompile Include="..\core\Collision.cpp">
      <Filter>Source Files</Filter>
    </ClCompile>
    <ClCompile Include="..\core\GameObject.cpp">
      <Filter>Source Files</Filter>
    </ClCompile>
    <ClCompile Include="..\core\Input.cpp">
      <Filter>Source Files</Filter>
    </ClCompile>
  </ItemGroup>
</Project>